
Microsoft Visual Studio Solution File, Format Version 12.00
# Visual Studio Version 16
VisualStudioVersion = 16.0.29926.136
MinimumVisualStudioVersion = 10.0.40219.1
Project("{FAE04EC0-301F-11D3-BF4B-00C04F79EFBC}") = "MiEscuela.Web", "MiEscuela.Web.csproj", "{A483285A-FC18-450B-8034-97815B6AA45C}"
EndProject
Global
	GlobalSection(SolutionConfigurationPlatforms) = preSolution
		Debug|Any CPU = Debug|Any CPU
		Release|Any CPU = Release|Any CPU
	EndGlobalSection
	GlobalSection(ProjectConfigurationPlatforms) = postSolution
		{A483285A-FC18-450B-8034-97815B6AA45C}.Debug|Any CPU.ActiveCfg = Debug|Any CPU
		{A483285A-FC18-450B-8034-97815B6AA45C}.Debug|Any CPU.Build.0 = Debug|Any CPU
		{A483285A-FC18-450B-8034-97815B6AA45C}.Release|Any CPU.ActiveCfg = Release|Any CPU
		{A483285A-FC18-450B-8034-97815B6AA45C}.Release|Any CPU.Build.0 = Release|Any CPU
	EndGlobalSection
	GlobalSection(SolutionProperties) = preSolution
		HideSolutionNode = FALSE
	EndGlobalSection
	GlobalSection(ExtensibilityGlobals) = postSolution
		SolutionGuid = {92C3A5D5-7F3D-4B9F-8105-F96DD13B93E9}
	EndGlobalSection
EndGlobal
